
Microsoft Visual Studio Solution File, Format Version 12.00
Project("{FAE04EC0-301F-11D3-BF4B-00C04F79EFBC}") = "FixedWindowAlgorithm", "FixedWindowAlgorithm\FixedWindowAlgorithm.csproj", "{8391A592-F0F0-42B4-841F-9CA6182F1EE4}"
EndProject
Global
	GlobalSection(SolutionConfigurationPlatforms) = preSolution
		Debug|Any CPU = Debug|Any CPU
		Release|Any CPU = Release|Any CPU
	EndGlobalSection
	GlobalSection(ProjectConfigurationPlatforms) = postSolution
		{8391A592-F0F0-42B4-841F-9CA6182F1EE4}.Debug|Any CPU.ActiveCfg = Debug|Any CPU
		{8391A592-F0F0-42B4-841F-9CA6182F1EE4}.Debug|Any CPU.Build.0 = Debug|Any CPU
		{8391A592-F0F0-42B4-841F-9CA6182F1EE4}.Release|Any CPU.ActiveCfg = Release|Any CPU
		{8391A592-F0F0-42B4-841F-9CA6182F1EE4}.Release|Any CPU.Build.0 = Release|Any CPU
	EndGlobalSection
EndGlobal
